
Microsoft Visual Studio Solution File, Format Version 11.00
# Visual C++ Express 2010
Project("{8BC9CEB8-8B4A-11D0-8D11-00A0C91BC942}") = "LibreriaTDA", "LibreriaTDA\LibreriaTDA.vcxproj", "{D957A3DE-B55B-4F13-BCFD-EFF9A32F28EC}"
EndProject
Project("{8BC9CEB8-8B4A-11D0-8D11-00A0C91BC942}") = "DemoLista", "DemoLista\DemoLista.vcxproj", "{798BEAD0-7B58-4580-BC0C-D2AC9BE13D50}"
EndProject
Project("{8BC9CEB8-8B4A-11D0-8D11-00A0C91BC942}") = "DemoGeneric", "DemoGeneric\DemoGeneric.vcxproj", "{317C5A74-D791-4C93-9A9E-9DB473751064}"
EndProject
Project("{8BC9CEB8-8B4A-11D0-8D11-00A0C91BC942}") = "demoPila", "demoPila\demoPila.vcxproj", "{4B666E41-7173-493B-A56C-4F7C3F72D311}"
EndProject
Project("{8BC9CEB8-8B4A-11D0-8D11-00A0C91BC942}") = "demoColas", "demoColas\demoColas.vcxproj", "{87ACAA76-C781-45A6-B24D-4F8F99656405}"
EndProject
Project("{8BC9CEB8-8B4A-11D0-8D11-00A0C91BC942}") = "fibonacci", "fibonacci\fibonacci.vcxproj", "{D5635D34-4829-4385-B6C0-53AFCEE72D8A}"
EndProject
Project("{8BC9CEB8-8B4A-11D0-8D11-00A0C91BC942}") = "BlackJack", "BlackJack\BlackJack.vcxproj", "{91726831-1B4C-46D1-9A2F-88C834153E74}"
	ProjectSection(ProjectDependencies) = postProject
		{D957A3DE-B55B-4F13-BCFD-EFF9A32F28EC} = {D957A3DE-B55B-4F13-BCFD-EFF9A32F28EC}
	EndProjectSection
EndProject
Project("{8BC9CEB8-8B4A-11D0-8D11-00A0C91BC942}") = "ProyectX", "ProyectX\ProyectX.vcxproj", "{DFF9DEA5-5215-4550-AC71-5C2D5204807E}"
	ProjectSection(ProjectDependencies) = postProject
		{D957A3DE-B55B-4F13-BCFD-EFF9A32F28EC} = {D957A3DE-B55B-4F13-BCFD-EFF9A32F28EC}
	EndProjectSection
EndProject
Global
	GlobalSection(SolutionConfigurationPlatforms) = preSolution
		Debug|Win32 = Debug|Win32
		Release|Win32 = Release|Win32
	EndGlobalSection
	GlobalSection(ProjectConfigurationPlatforms) = postSolution
		{D957A3DE-B55B-4F13-BCFD-EFF9A32F28EC}.Debug|Win32.ActiveCfg = Debug|Win32
		{D957A3DE-B55B-4F13-BCFD-EFF9A32F28EC}.Debug|Win32.Build.0 = Debug|Win32
		{D957A3DE-B55B-4F13-BCFD-EFF9A32F28EC}.Release|Win32.ActiveCfg = Release|Win32
		{D957A3DE-B55B-4F13-BCFD-EFF9A32F28EC}.Release|Win32.Build.0 = Release|Win32
		{798BEAD0-7B58-4580-BC0C-D2AC9BE13D50}.Debug|Win32.ActiveCfg = Debug|Win32
		{798BEAD0-7B58-4580-BC0C-D2AC9BE13D50}.Debug|Win32.Build.0 = Debug|Win32
		{798BEAD0-7B58-4580-BC0C-D2AC9BE13D50}.Release|Win32.ActiveCfg = Release|Win32
		{798BEAD0-7B58-4580-BC0C-D2AC9BE13D50}.Release|Win32.Build.0 = Release|Win32
		{317C5A74-D791-4C93-9A9E-9DB473751064}.Debug|Win32.ActiveCfg = Debug|Win32
		{317C5A74-D791-4C93-9A9E-9DB473751064}.Debug|Win32.Build.0 = Debug|Win32
		{317C5A74-D791-4C93-9A9E-9DB473751064}.Release|Win32.ActiveCfg = Release|Win32
		{317C5A74-D791-4C93-9A9E-9DB473751064}.Release|Win32.Build.0 = Release|Win32
		{4B666E41-7173-493B-A56C-4F7C3F72D311}.Debug|Win32.ActiveCfg = Debug|Win32
		{4B666E41-7173-493B-A56C-4F7C3F72D311}.Debug|Win32.Build.0 = Debug|Win32
		{4B666E41-7173-493B-A56C-4F7C3F72D311}.Release|Win32.ActiveCfg = Release|Win32
		{4B666E41-7173-493B-A56C-4F7C3F72D311}.Release|Win32.Build.0 = Release|Win32
		{87ACAA76-C781-45A6-B24D-4F8F99656405}.Debug|Win32.ActiveCfg = Debug|Win32
		{87ACAA76-C781-45A6-B24D-4F8F99656405}.Debug|Win32.Build.0 = Debug|Win32
		{87ACAA76-C781-45A6-B24D-4F8F99656405}.Release|Win32.ActiveCfg = Release|Win32
		{87ACAA76-C781-45A6-B24D-4F8F99656405}.Release|Win32.Build.0 = Release|Win32
		{D5635D34-4829-4385-B6C0-53AFCEE72D8A}.Debug|Win32.ActiveCfg = Debug|Win32
		{D5635D34-4829-4385-B6C0-53AFCEE72D8A}.Debug|Win32.Build.0 = Debug|Win32
		{D5635D34-4829-4385-B6C0-53AFCEE72D8A}.Release|Win32.ActiveCfg = Release|Win32
		{D5635D34-4829-4385-B6C0-53AFCEE72D8A}.Release|Win32.Build.0 = Release|Win32
		{91726831-1B4C-46D1-9A2F-88C834153E74}.Debug|Win32.ActiveCfg = Debug|Win32
		{91726831-1B4C-46D1-9A2F-88C834153E74}.Debug|Win32.Build.0 = Debug|Win32
		{91726831-1B4C-46D1-9A2F-88C834153E74}.Release|Win32.ActiveCfg = Release|Win32
		{91726831-1B4C-46D1-9A2F-88C834153E74}.Release|Win32.Build.0 = Release|Win32
		{DFF9DEA5-5215-4550-AC71-5C2D5204807E}.Debug|Win32.ActiveCfg = Debug|Win32
		{DFF9DEA5-5215-4550-AC71-5C2D5204807E}.Debug|Win32.Build.0 = Debug|Win32
		{DFF9DEA5-5215-4550-AC71-5C2D5204807E}.Release|Win32.ActiveCfg = Release|Win32
		{DFF9DEA5-5215-4550-AC71-5C2D5204807E}.Release|Win32.Build.0 = Release|Win32
	EndGlobalSection
	GlobalSection(SolutionProperties) = preSolution
		HideSolutionNode = FALSE
	EndGlobalSection
EndGlobal
