<?xml version="1.0" encoding="utf-8"?>
<Project ToolsVersion="4.0" xmlns="http://schemas.microsoft.com/developer/msbuild/2003">
  <ItemGroup>
    <Filter Include="Archivos de código fuente">
      <UniqueIdentifier>{8892ae78-4b99-48f3-8482-75527d45f5b4}</UniqueIdentifier>
    </Filter>
    <Filter Include="Archivos de encabezado">
      <UniqueIdentifier>{93995380-89BD-4b04-88EB-625FBE52EBFB}</UniqueIdentifier>
      <Extensions>h;hpp;hxx;hm;inl;inc;xsd</Extensions>
    </Filter>
    <Filter Include="Archivos de recursos">
      <UniqueIdentifier>{67DA6AB6-F800-4c08-8B7A-83BB121AAD01}</UniqueIdentifier>
      <Extensions>rc;ico;cur;bmp;dlg;rc2;rct;bin;rgs;gif;jpg;jpeg;jpe;resx;tiff;tif;png;wav</Extensions>
    </Filter>
  </ItemGroup>
  <ItemGroup>
    <ClCompile Include="include\estudiante.c">
      <Filter>Archivos de código fuente</Filter>
    </ClCompile>
    <ClCompile Include="src\generic.c">
      <Filter>Archivos de código fuente</Filter>
    </ClCompile>
    <ClCompile Include="src\hashmap.c">
      <Filter>Archivos de código fuente</Filter>
    </ClCompile>
    <ClCompile Include="src\heap.c">
      <Filter>Archivos de código fuente</Filter>
    </ClCompile>
    <ClCompile Include="src\list.c">
      <Filter>Archivos de código fuente</Filter>
    </ClCompile>
    <ClCompile Include="src\nodelist.c">
      <Filter>Archivos de código fuente</Filter>
    </ClCompile>
    <ClCompile Include="src\nodetree.c">
      <Filter>Archivos de código fuente</Filter>
    </ClCompile>
    <ClCompile Include="src\quebrado.c">
      <Filter>Archivos de código fuente</Filter>
    </ClCompile>
    <ClCompile Include="src\queue.c">
      <Filter>Archivos de código fuente</Filter>
    </ClCompile>
    <ClCompile Include="src\stack.c">
      <Filter>Archivos de código fuente</Filter>
    </ClCompile>
    <ClCompile Include="src\tree.c">
      <Filter>Archivos de código fuente</Filter>
    </ClCompile>
  </ItemGroup>
  <ItemGroup>
    <ClInclude Include="include\estudiante.h">
      <Filter>Archivos de encabezado</Filter>
    </ClInclude>
    <ClInclude Include="include\generic.h">
      <Filter>Archivos de encabezado</Filter>
    </ClInclude>
    <ClInclude Include="include\hashmap.h">
      <Filter>Archivos de encabezado</Filter>
    </ClInclude>
    <ClInclude Include="include\heap.h">
      <Filter>Archivos de encabezado</Filter>
    </ClInclude>
    <ClInclude Include="include\list.h">
      <Filter>Archivos de encabezado</Filter>
    </ClInclude>
    <ClInclude Include="include\nodelist.h">
      <Filter>Archivos de encabezado</Filter>
    </ClInclude>
    <ClInclude Include="include\nodetree.h">
      <Filter>Archivos de encabezado</Filter>
    </ClInclude>
    <ClInclude Include="include\quebrado.h">
      <Filter>Archivos de encabezado</Filter>
    </ClInclude>
    <ClInclude Include="include\queue.h">
      <Filter>Archivos de encabezado</Filter>
    </ClInclude>
    <ClInclude Include="include\stack.h">
      <Filter>Archivos de encabezado</Filter>
    </ClInclude>
    <ClInclude Include="include\tree.h">
      <Filter>Archivos de encabezado</Filter>
    </ClInclude>
  </ItemGroup>
  <ItemGroup>
    <None Include="ReadMe.txt" />
  </ItemGroup>
</Project>